
Microsoft Visual Studio Solution File, Format Version 12.00
# Visual Studio Version 17
VisualStudioVersion = 17.0.32112.339
MinimumVisualStudioVersion = 10.0.40219.1
Project("{FAE04EC0-301F-11D3-BF4B-00C04F79EFBC}") = "Задание 1", "Задание 1.csproj", "{99A95940-6B43-4D6E-9375-F48DB9E8EC98}"
EndProject
Global
	GlobalSection(SolutionConfigurationPlatforms) = preSolution
		Debug|Any CPU = Debug|Any CPU
		Release|Any CPU = Release|Any CPU
	EndGlobalSection
	GlobalSection(ProjectConfigurationPlatforms) = postSolution
		{99A95940-6B43-4D6E-9375-F48DB9E8EC98}.Debug|Any CPU.ActiveCfg = Debug|Any CPU
		{99A95940-6B43-4D6E-9375-F48DB9E8EC98}.Debug|Any CPU.Build.0 = Debug|Any CPU
		{99A95940-6B43-4D6E-9375-F48DB9E8EC98}.Release|Any CPU.ActiveCfg = Release|Any CPU
		{99A95940-6B43-4D6E-9375-F48DB9E8EC98}.Release|Any CPU.Build.0 = Release|Any CPU
	EndGlobalSection
	GlobalSection(SolutionProperties) = preSolution
		HideSolutionNode = FALSE
	EndGlobalSection
	GlobalSection(ExtensibilityGlobals) = postSolution
		SolutionGuid = {6D968CE4-6A34-4696-B21C-348085D3CC7B}
	EndGlobalSection
EndGlobal
