
Microsoft Visual Studio Solution File, Format Version 12.00
# Visual Studio Version 17
VisualStudioVersion = 17.0.32112.339
MinimumVisualStudioVersion = 10.0.40219.1
Project("{FAE04EC0-301F-11D3-BF4B-00C04F79EFBC}") = "2", "2.csproj", "{221C3AB8-CDA8-49F2-9112-D19A33449637}"
EndProject
Global
	GlobalSection(SolutionConfigurationPlatforms) = preSolution
		Debug|Any CPU = Debug|Any CPU
		Release|Any CPU = Release|Any CPU
	EndGlobalSection
	GlobalSection(ProjectConfigurationPlatforms) = postSolution
		{221C3AB8-CDA8-49F2-9112-D19A33449637}.Debug|Any CPU.ActiveCfg = Debug|Any CPU
		{221C3AB8-CDA8-49F2-9112-D19A33449637}.Debug|Any CPU.Build.0 = Debug|Any CPU
		{221C3AB8-CDA8-49F2-9112-D19A33449637}.Release|Any CPU.ActiveCfg = Release|Any CPU
		{221C3AB8-CDA8-49F2-9112-D19A33449637}.Release|Any CPU.Build.0 = Release|Any CPU
	EndGlobalSection
	GlobalSection(SolutionProperties) = preSolution
		HideSolutionNode = FALSE
	EndGlobalSection
	GlobalSection(ExtensibilityGlobals) = postSolution
		SolutionGuid = {66CEB494-6533-40B1-90BC-E8EB38B6FF47}
	EndGlobalSection
EndGlobal
